{
    "_readme": [
        "This file locks the dependencies of your project to a known state",
        "Read more about it at https://getcomposer.org/doc/01-basic-usage.md#installing-dependencies",
        "This file is @generated automatically"
    ],
    "content-hash": "c36242fb68db6e26c9b421337915f439",
    "packages": [
        {
            "name": "aryunara/pyrobyte-lib",
            "version": "v1.0.2",
            "source": {
                "type": "git",
                "url": "https://github.com/aryunara/pyrobyte-lib.git",
                "reference": "f24a8f8f08a3ea9347352e03233f8286069bb924"
            },
            "dist": {
                "type": "zip",
                "url": "https://api.github.com/repos/aryunara/pyrobyte-lib/zipball/f24a8f8f08a3ea9347352e03233f8286069bb924",
                "reference": "f24a8f8f08a3ea9347352e03233f8286069bb924",
                "shasum": ""
            },
            "require": {
                "ext-dom": "*",
                "php": "^8.3"
            },
            "type": "library",
            "autoload": {
                "psr-4": {
                    "App\\": "app/"
                }
            },
            "notification-url": "https://packagist.org/downloads/",
            "license": [
                "MIT"
            ],
            "authors": [
                {
                    "name": "aryunara",
                    "email": "rabdanova.aryuna@mail.ru",
                    "homepage": "https://github.com/aryunara",
                    "role": "web-developer"
                }
            ],
            "description": "Test task for Pyrobyte.",
            "support": {
                "issues": "https://github.com/aryunara/pyrobyte-lib/issues",
                "source": "https://github.com/aryunara/pyrobyte-lib/tree/v1.0.2"
            },
            "time": "2024-09-08T21:15:27+00:00"
        }
    ],
    "packages-dev": [],
    "aliases": [],
    "minimum-stability": "stable",
    "stability-flags": [],
    "prefer-stable": false,
    "prefer-lowest": false,
    "platform": [],
    "platform-dev": [],
    "plugin-api-version": "2.6.0"
}
